
Microsoft Visual Studio Solution File, Format Version 12.00
# Visual Studio Version 16
VisualStudioVersion = 16.6.30114.105
MinimumVisualStudioVersion = 10.0.40219.1
Project("{2150E333-8FDC-42A3-9474-1A3956D46DE8}") = "NuGetTests", "NuGetTests", "{77E9A780-C4F9-4D38-A416-286BACC67297}"
EndProject
Project("{2150E333-8FDC-42A3-9474-1A3956D46DE8}") = "DapperTests", "DapperTests", "{47DDA866-FA95-42E5-A194-8195D92BAEB7}"
EndProject
Project("{9A19103F-16F7-4668-BE54-9A1E7A4F7556}") = "DapperTest31", "NuGetTests\DapperTests\DapperTest31\DapperTest31.csproj", "{308D1C52-8E06-4F2E-B552-42F1347997E7}"
EndProject
Project("{9A19103F-16F7-4668-BE54-9A1E7A4F7556}") = "DapperTest50", "NuGetTests\DapperTests\DapperTest50\DapperTest50.csproj", "{6E1B6AB2-04C8-4CBB-8A2B-089FF4995873}"
EndProject
Project("{9A19103F-16F7-4668-BE54-9A1E7A4F7556}") = "DapperSharedStandard", "NuGetTests\DapperTests\DapperSharedStandard\DapperSharedStandard.csproj", "{C0FCE950-EE86-4178-94A2-48EA495F1DE2}"
EndProject
Project("{9A19103F-16F7-4668-BE54-9A1E7A4F7556}") = "SharedDomain", "SharedDomain\SharedDomain.csproj", "{C9D8F6BA-3125-41A4-B17A-7BAD6193B263}"
EndProject
Project("{9A19103F-16F7-4668-BE54-9A1E7A4F7556}") = "Ef5Domain", "Ef5Domain\Ef5Domain.csproj", "{E3AA701B-0EFC-4F1F-9F33-D16A4C7A2B70}"
EndProject
Project("{2150E333-8FDC-42A3-9474-1A3956D46DE8}") = "EntityFrameworkTests", "EntityFrameworkTests", "{61A1D46E-4F0E-4045-8862-3BEC6009068F}"
EndProject
Project("{9A19103F-16F7-4668-BE54-9A1E7A4F7556}") = "EntityFrameworkTest31", "NuGetTests\EntityFrameworkTests\EntityFrameworkTest31\EntityFrameworkTest31.csproj", "{22626FA7-3D56-4F1C-94AE-DA3A1CC0AA3D}"
EndProject
Project("{9A19103F-16F7-4668-BE54-9A1E7A4F7556}") = "EntityFrameworkTest50", "NuGetTests\EntityFrameworkTests\EntityFrameworkTest50\EntityFrameworkTest50.csproj", "{73259337-3A7B-4466-B03D-8E846E9AD6FF}"
EndProject
Project("{2150E333-8FDC-42A3-9474-1A3956D46DE8}") = "ApiSample", "ApiSample", "{B604357F-759C-42EB-B4AB-C5DBAB8971DB}"
EndProject
Project("{9A19103F-16F7-4668-BE54-9A1E7A4F7556}") = "WebApplication", "ApiSample\WebApplication\WebApplication.csproj", "{B756AC34-278F-485C-8FB4-4EC2E597B21F}"
EndProject
Project("{9A19103F-16F7-4668-BE54-9A1E7A4F7556}") = "LibApiSampleAbstraction", "ApiSample\LibApiSampleAbstraction\LibApiSampleAbstraction.csproj", "{BA4E4AE7-48FB-4B64-956D-A0B0E7300089}"
EndProject
Project("{FAE04EC0-301F-11D3-BF4B-00C04F79EFBC}") = "LibApiSampleEfImplementation", "ApiSample\LibApiSampleEfImplementation\LibApiSampleEfImplementation.csproj", "{B4D6DB93-934A-422C-910F-B03994863126}"
EndProject
Project("{2150E333-8FDC-42A3-9474-1A3956D46DE8}") = "ApiSampleTests", "ApiSampleTests", "{0146D873-6134-4B16-AD2B-01E17F817AA9}"
EndProject
Project("{FAE04EC0-301F-11D3-BF4B-00C04F79EFBC}") = "WebAppAbstractionTests", "ApiSample\WebAppAbstractionTests\WebAppAbstractionTests.csproj", "{2E44A8E8-6A91-4B84-BAA8-563F95D51A96}"
EndProject
Global
	GlobalSection(SolutionConfigurationPlatforms) = preSolution
		Debug|Any CPU = Debug|Any CPU
		Release|Any CPU = Release|Any CPU
	EndGlobalSection
	GlobalSection(ProjectConfigurationPlatforms) = postSolution
		{308D1C52-8E06-4F2E-B552-42F1347997E7}.Debug|Any CPU.ActiveCfg = Debug|Any CPU
		{308D1C52-8E06-4F2E-B552-42F1347997E7}.Debug|Any CPU.Build.0 = Debug|Any CPU
		{308D1C52-8E06-4F2E-B552-42F1347997E7}.Release|Any CPU.ActiveCfg = Release|Any CPU
		{308D1C52-8E06-4F2E-B552-42F1347997E7}.Release|Any CPU.Build.0 = Release|Any CPU
		{6E1B6AB2-04C8-4CBB-8A2B-089FF4995873}.Debug|Any CPU.ActiveCfg = Debug|Any CPU
		{6E1B6AB2-04C8-4CBB-8A2B-089FF4995873}.Debug|Any CPU.Build.0 = Debug|Any CPU
		{6E1B6AB2-04C8-4CBB-8A2B-089FF4995873}.Release|Any CPU.ActiveCfg = Release|Any CPU
		{6E1B6AB2-04C8-4CBB-8A2B-089FF4995873}.Release|Any CPU.Build.0 = Release|Any CPU
		{C0FCE950-EE86-4178-94A2-48EA495F1DE2}.Debug|Any CPU.ActiveCfg = Debug|Any CPU
		{C0FCE950-EE86-4178-94A2-48EA495F1DE2}.Debug|Any CPU.Build.0 = Debug|Any CPU
		{C0FCE950-EE86-4178-94A2-48EA495F1DE2}.Release|Any CPU.ActiveCfg = Release|Any CPU
		{C0FCE950-EE86-4178-94A2-48EA495F1DE2}.Release|Any CPU.Build.0 = Release|Any CPU
		{C9D8F6BA-3125-41A4-B17A-7BAD6193B263}.Debug|Any CPU.ActiveCfg = Debug|Any CPU
		{C9D8F6BA-3125-41A4-B17A-7BAD6193B263}.Debug|Any CPU.Build.0 = Debug|Any CPU
		{C9D8F6BA-3125-41A4-B17A-7BAD6193B263}.Release|Any CPU.ActiveCfg = Release|Any CPU
		{C9D8F6BA-3125-41A4-B17A-7BAD6193B263}.Release|Any CPU.Build.0 = Release|Any CPU
		{E3AA701B-0EFC-4F1F-9F33-D16A4C7A2B70}.Debug|Any CPU.ActiveCfg = Debug|Any CPU
		{E3AA701B-0EFC-4F1F-9F33-D16A4C7A2B70}.Debug|Any CPU.Build.0 = Debug|Any CPU
		{E3AA701B-0EFC-4F1F-9F33-D16A4C7A2B70}.Release|Any CPU.ActiveCfg = Release|Any CPU
		{E3AA701B-0EFC-4F1F-9F33-D16A4C7A2B70}.Release|Any CPU.Build.0 = Release|Any CPU
		{22626FA7-3D56-4F1C-94AE-DA3A1CC0AA3D}.Debug|Any CPU.ActiveCfg = Debug|Any CPU
		{22626FA7-3D56-4F1C-94AE-DA3A1CC0AA3D}.Debug|Any CPU.Build.0 = Debug|Any CPU
		{22626FA7-3D56-4F1C-94AE-DA3A1CC0AA3D}.Release|Any CPU.ActiveCfg = Release|Any CPU
		{22626FA7-3D56-4F1C-94AE-DA3A1CC0AA3D}.Release|Any CPU.Build.0 = Release|Any CPU
		{73259337-3A7B-4466-B03D-8E846E9AD6FF}.Debug|Any CPU.ActiveCfg = Debug|Any CPU
		{73259337-3A7B-4466-B03D-8E846E9AD6FF}.Debug|Any CPU.Build.0 = Debug|Any CPU
		{73259337-3A7B-4466-B03D-8E846E9AD6FF}.Release|Any CPU.ActiveCfg = Release|Any CPU
		{73259337-3A7B-4466-B03D-8E846E9AD6FF}.Release|Any CPU.Build.0 = Release|Any CPU
		{B756AC34-278F-485C-8FB4-4EC2E597B21F}.Debug|Any CPU.ActiveCfg = Debug|Any CPU
		{B756AC34-278F-485C-8FB4-4EC2E597B21F}.Debug|Any CPU.Build.0 = Debug|Any CPU
		{B756AC34-278F-485C-8FB4-4EC2E597B21F}.Release|Any CPU.ActiveCfg = Release|Any CPU
		{B756AC34-278F-485C-8FB4-4EC2E597B21F}.Release|Any CPU.Build.0 = Release|Any CPU
		{BA4E4AE7-48FB-4B64-956D-A0B0E7300089}.Debug|Any CPU.ActiveCfg = Debug|Any CPU
		{BA4E4AE7-48FB-4B64-956D-A0B0E7300089}.Debug|Any CPU.Build.0 = Debug|Any CPU
		{BA4E4AE7-48FB-4B64-956D-A0B0E7300089}.Release|Any CPU.ActiveCfg = Release|Any CPU
		{BA4E4AE7-48FB-4B64-956D-A0B0E7300089}.Release|Any CPU.Build.0 = Release|Any CPU
		{B4D6DB93-934A-422C-910F-B03994863126}.Debug|Any CPU.ActiveCfg = Debug|Any CPU
		{B4D6DB93-934A-422C-910F-B03994863126}.Debug|Any CPU.Build.0 = Debug|Any CPU
		{B4D6DB93-934A-422C-910F-B03994863126}.Release|Any CPU.ActiveCfg = Release|Any CPU
		{B4D6DB93-934A-422C-910F-B03994863126}.Release|Any CPU.Build.0 = Release|Any CPU
		{2E44A8E8-6A91-4B84-BAA8-563F95D51A96}.Debug|Any CPU.ActiveCfg = Debug|Any CPU
		{2E44A8E8-6A91-4B84-BAA8-563F95D51A96}.Debug|Any CPU.Build.0 = Debug|Any CPU
		{2E44A8E8-6A91-4B84-BAA8-563F95D51A96}.Release|Any CPU.ActiveCfg = Release|Any CPU
		{2E44A8E8-6A91-4B84-BAA8-563F95D51A96}.Release|Any CPU.Build.0 = Release|Any CPU
	EndGlobalSection
	GlobalSection(SolutionProperties) = preSolution
		HideSolutionNode = FALSE
	EndGlobalSection
	GlobalSection(NestedProjects) = preSolution
		{47DDA866-FA95-42E5-A194-8195D92BAEB7} = {77E9A780-C4F9-4D38-A416-286BACC67297}
		{308D1C52-8E06-4F2E-B552-42F1347997E7} = {47DDA866-FA95-42E5-A194-8195D92BAEB7}
		{6E1B6AB2-04C8-4CBB-8A2B-089FF4995873} = {47DDA866-FA95-42E5-A194-8195D92BAEB7}
		{C0FCE950-EE86-4178-94A2-48EA495F1DE2} = {47DDA866-FA95-42E5-A194-8195D92BAEB7}
		{61A1D46E-4F0E-4045-8862-3BEC6009068F} = {77E9A780-C4F9-4D38-A416-286BACC67297}
		{22626FA7-3D56-4F1C-94AE-DA3A1CC0AA3D} = {61A1D46E-4F0E-4045-8862-3BEC6009068F}
		{73259337-3A7B-4466-B03D-8E846E9AD6FF} = {61A1D46E-4F0E-4045-8862-3BEC6009068F}
		{B756AC34-278F-485C-8FB4-4EC2E597B21F} = {B604357F-759C-42EB-B4AB-C5DBAB8971DB}
		{BA4E4AE7-48FB-4B64-956D-A0B0E7300089} = {B604357F-759C-42EB-B4AB-C5DBAB8971DB}
		{B4D6DB93-934A-422C-910F-B03994863126} = {B604357F-759C-42EB-B4AB-C5DBAB8971DB}
		{2E44A8E8-6A91-4B84-BAA8-563F95D51A96} = {0146D873-6134-4B16-AD2B-01E17F817AA9}
	EndGlobalSection
	GlobalSection(ExtensibilityGlobals) = postSolution
		SolutionGuid = {19B9A4C4-9103-4C77-A500-A7631F9BF529}
	EndGlobalSection
EndGlobal
